{
    "requires": true,
    "lockfileVersion": 1,
    "dependencies": {
        "jquery": {
            "version": "3.3.1",
            "resolved": "http://registry.npm.taobao.org/jquery/download/jquery-3.3.1.tgz",
            "integrity": "sha1-lYzinoHJeQ8xvneS311NlfxX+8o=",
            "dev": true
        },
        "jquery-ui-dist": {
            "version": "1.12.1",
            "resolved": "http://registry.npm.taobao.org/jquery-ui-dist/download/jquery-ui-dist-1.12.1.tgz",
            "integrity": "sha1-XAgV08xvkP9fqvWyaKbiO0ypBPo=",
            "dev": true
        }
    }
}
